# This file is autogenerated, do not edit; changes may be undone by the next 'dep ensure'.


[[projects]]
  name = "github.com/tkanos/gonfig"
  packages = ["."]
  revision = "e83209aed2d171bab5ffb312a1e630110481cb99"
  version = "1.0"

[solve-meta]
  analyzer-name = "dep"
  analyzer-version = 1
  inputs-digest = "6bf52d0825968017f46cad2db692f1ca5e8e907b7d6347beba73cf6d6215f11b"
  solver-name = "gps-cdcl"
  solver-version = 1
